
Microsoft Visual Studio Solution File, Format Version 12.00
# Visual Studio 15
VisualStudioVersion = 15.0.27428.2043
MinimumVisualStudioVersion = 10.0.40219.1
Project("{8BC9CEB8-8B4A-11D0-8D11-00A0C91BC942}") = "Lab3Exercise1", "Lab3Exercise1\Lab3Exercise1.vcxproj", "{6429D020-A4D4-425D-8703-164E01B6A95E}"
EndProject
Project("{8BC9CEB8-8B4A-11D0-8D11-00A0C91BC942}") = "Lab3Exercise2", "Lab3Exercise2\Lab3Exercise2.vcxproj", "{B465205B-6AF0-4019-A03B-6D37586866A4}"
EndProject
Global
	GlobalSection(SolutionConfigurationPlatforms) = preSolution
		Debug|x64 = Debug|x64
		Debug|x86 = Debug|x86
		Release|x64 = Release|x64
		Release|x86 = Release|x86
	EndGlobalSection
	GlobalSection(ProjectConfigurationPlatforms) = postSolution
		{6429D020-A4D4-425D-8703-164E01B6A95E}.Debug|x64.ActiveCfg = Debug|x64
		{6429D020-A4D4-425D-8703-164E01B6A95E}.Debug|x64.Build.0 = Debug|x64
		{6429D020-A4D4-425D-8703-164E01B6A95E}.Debug|x86.ActiveCfg = Debug|Win32
		{6429D020-A4D4-425D-8703-164E01B6A95E}.Debug|x86.Build.0 = Debug|Win32
		{6429D020-A4D4-425D-8703-164E01B6A95E}.Release|x64.ActiveCfg = Release|x64
		{6429D020-A4D4-425D-8703-164E01B6A95E}.Release|x64.Build.0 = Release|x64
		{6429D020-A4D4-425D-8703-164E01B6A95E}.Release|x86.ActiveCfg = Release|Win32
		{6429D020-A4D4-425D-8703-164E01B6A95E}.Release|x86.Build.0 = Release|Win32
		{B465205B-6AF0-4019-A03B-6D37586866A4}.Debug|x64.ActiveCfg = Debug|x64
		{B465205B-6AF0-4019-A03B-6D37586866A4}.Debug|x64.Build.0 = Debug|x64
		{B465205B-6AF0-4019-A03B-6D37586866A4}.Debug|x86.ActiveCfg = Debug|Win32
		{B465205B-6AF0-4019-A03B-6D37586866A4}.Debug|x86.Build.0 = Debug|Win32
		{B465205B-6AF0-4019-A03B-6D37586866A4}.Release|x64.ActiveCfg = Release|x64
		{B465205B-6AF0-4019-A03B-6D37586866A4}.Release|x64.Build.0 = Release|x64
		{B465205B-6AF0-4019-A03B-6D37586866A4}.Release|x86.ActiveCfg = Release|Win32
		{B465205B-6AF0-4019-A03B-6D37586866A4}.Release|x86.Build.0 = Release|Win32
	EndGlobalSection
	GlobalSection(SolutionProperties) = preSolution
		HideSolutionNode = FALSE
	EndGlobalSection
	GlobalSection(ExtensibilityGlobals) = postSolution
		SolutionGuid = {A0502FB1-EFBE-446D-8275-AEBC3876ECC5}
	EndGlobalSection
EndGlobal
